# This file is generated by running "yarn install" inside your project.
# Manual changes might be lost - proceed with caution!

__metadata:
  version: 6
  cacheKey: 8

"prettier-plugin-sort-json@npm:^4":
  version: 4.1.1
  resolution: "prettier-plugin-sort-json@npm:4.1.1"
  peerDependencies:
    prettier: ^3.0.0
  checksum: f04d8c01e34a603db58227f4bbc8b8fd119af912a58bd8ab3be8b9a8211d9dc01a8efc38dd9cf5a70ca804cfe34282e2e6564ae5f8f2b76a125ad10ea2e66a2a
  languageName: node
  linkType: hard

"root-workspace-0b6124@workspace:.":
  version: 0.0.0-use.local
  resolution: "root-workspace-0b6124@workspace:."
  dependencies:
    prettier-plugin-sort-json: ^4
  languageName: unknown
  linkType: soft
